
Microsoft Visual Studio Solution File, Format Version 12.00
# Visual Studio Version 17
VisualStudioVersion = 17.2.32516.85
MinimumVisualStudioVersion = 10.0.40219.1
Project("{9A19103F-16F7-4668-BE54-9A1E7A4F7556}") = "ShopOnline.Web", "ShopOnline.Web\ShopOnline.Web.csproj", "{25E88C88-8E74-415E-BFB6-4DD7411E4718}"
EndProject
Project("{9A19103F-16F7-4668-BE54-9A1E7A4F7556}") = "ShopOnline.Api", "ShopOnline.Api\ShopOnline.Api.csproj", "{FA5B4777-D5D4-45CE-A027-185D93EEE89A}"
EndProject
Project("{FAE04EC0-301F-11D3-BF4B-00C04F79EFBC}") = "ShopOnline.Model", "ShopOnline.Model\ShopOnline.Model.csproj", "{D0C193A4-F2A0-4EDD-B7AA-3E3C773C6457}"
EndProject
Global
	GlobalSection(SolutionConfigurationPlatforms) = preSolution
		Debug|Any CPU = Debug|Any CPU
		Release|Any CPU = Release|Any CPU
	EndGlobalSection
	GlobalSection(ProjectConfigurationPlatforms) = postSolution
		{25E88C88-8E74-415E-BFB6-4DD7411E4718}.Debug|Any CPU.ActiveCfg = Debug|Any CPU
		{25E88C88-8E74-415E-BFB6-4DD7411E4718}.Debug|Any CPU.Build.0 = Debug|Any CPU
		{25E88C88-8E74-415E-BFB6-4DD7411E4718}.Release|Any CPU.ActiveCfg = Release|Any CPU
		{25E88C88-8E74-415E-BFB6-4DD7411E4718}.Release|Any CPU.Build.0 = Release|Any CPU
		{FA5B4777-D5D4-45CE-A027-185D93EEE89A}.Debug|Any CPU.ActiveCfg = Debug|Any CPU
		{FA5B4777-D5D4-45CE-A027-185D93EEE89A}.Debug|Any CPU.Build.0 = Debug|Any CPU
		{FA5B4777-D5D4-45CE-A027-185D93EEE89A}.Release|Any CPU.ActiveCfg = Release|Any CPU
		{FA5B4777-D5D4-45CE-A027-185D93EEE89A}.Release|Any CPU.Build.0 = Release|Any CPU
		{D0C193A4-F2A0-4EDD-B7AA-3E3C773C6457}.Debug|Any CPU.ActiveCfg = Debug|Any CPU
		{D0C193A4-F2A0-4EDD-B7AA-3E3C773C6457}.Debug|Any CPU.Build.0 = Debug|Any CPU
		{D0C193A4-F2A0-4EDD-B7AA-3E3C773C6457}.Release|Any CPU.ActiveCfg = Release|Any CPU
		{D0C193A4-F2A0-4EDD-B7AA-3E3C773C6457}.Release|Any CPU.Build.0 = Release|Any CPU
	EndGlobalSection
	GlobalSection(SolutionProperties) = preSolution
		HideSolutionNode = FALSE
	EndGlobalSection
	GlobalSection(ExtensibilityGlobals) = postSolution
		SolutionGuid = {AA60CD98-1C62-4CE2-B5AD-C95FEBC014BF}
	EndGlobalSection
EndGlobal
